{
  "nodes": {
    "disko": {
      "inputs": {
        "nixpkgs": "nixpkgs"
      },
      "locked": {
        "lastModified": 1732645828,
        "narHash": "sha256-+4U2I2653JvPFxcux837ulwYS864QvEueIljUkwytsk=",
        "owner": "nix-community",
        "repo": "disko",
        "rev": "869ba3a87486289a4197b52a6c9e7222edf00b3e",
        "type": "github"
      },
      "original": {
        "owner": "nix-community",
        "repo": "disko",
        "type": "github"
      }
    },
    "nix-secrets": {
      "locked": {
        "lastModified": 1765409988,
        "narHash": "sha256-XhvazMvTMC7RNncoWCnFy1D5x7gjTkVig4uDXucaaoM=",
        "ref": "simple",
        "rev": "70435c29465c6cae5899ed05471953f12988ff22",
        "shallow": true,
        "type": "git",
        "url": "https://github.com/fullstopslash/snowflake-secrets.git"
      },
      "original": {
        "ref": "simple",
        "shallow": true,
        "type": "git",
        "url": "https://github.com/fullstopslash/snowflake-secrets.git"
      }
    },
    "nixpkgs": {
      "locked": {
        "lastModified": 1732238832,
        "narHash": "sha256-sQxuJm8rHY20xq6Ah+GwIUkF95tWjGRd1X8xF+Pkk38=",
        "owner": "NixOS",
        "repo": "nixpkgs",
        "rev": "8edf06bea5bcbee082df1b7369ff973b91618b8d",
        "type": "github"
      },
      "original": {
        "owner": "NixOS",
        "ref": "nixpkgs-unstable",
        "repo": "nixpkgs",
        "type": "github"
      }
    },
    "nixpkgs_2": {
      "locked": {
        "lastModified": 1764939437,
        "narHash": "sha256-4TLFHUwXraw9Df5mXC/vCrJgb50CRr3CzUzF0Mn3CII=",
        "owner": "NixOS",
        "repo": "nixpkgs",
        "rev": "00d2457e2f608b4be6fe8b470b0a36816324b0ae",
        "type": "github"
      },
      "original": {
        "owner": "NixOS",
        "ref": "nixos-25.05",
        "repo": "nixpkgs",
        "type": "github"
      }
    },
    "root": {
      "inputs": {
        "disko": "disko",
        "nix-secrets": "nix-secrets",
        "nixpkgs": "nixpkgs_2"
      }
    }
  },
  "root": "root",
  "version": 7
}
